// !$*UTF8*$!
{
	archiveVersion = 1;
	classes = {
	};
	objectVersion = 50;
	objects = {

/* Begin PBXBuildFile section */
		47E5DD422491EA6500C8197B /* AppDelegate.swift in Sources */ = {isa = PBXBuildFile; fileRef = 47E5DD412491EA6500C8197B /* AppDelegate.swift */; };
		47E5DD442491EA6500C8197B /* SceneDelegate.swift in Sources */ = {isa = PBXBuildFile; fileRef = 47E5DD432491EA6500C8197B /* SceneDelegate.swift */; };
		47E5DD462491EA6500C8197B /* ViewController.swift in Sources */ = {isa = PBXBuildFile; fileRef = 47E5DD452491EA6500C8197B /* ViewController.swift */; };
		47E5DD492491EA6500C8197B /* Main.storyboard in Resources */ = {isa = PBXBuildFile; fileRef = 47E5DD472491EA6500C8197B /* Main.storyboard */; };
		47E5DD4B2491EA6700C8197B /* Assets.xcassets in Resources */ = {isa = PBXBuildFile; fileRef = 47E5DD4A2491EA6700C8197B /* Assets.xcassets */; };
		47E5DD592491EA6800C8197B /* DentistAppTests.swift in Sources */ = {isa = PBXBuildFile; fileRef = 47E5DD582491EA6800C8197B /* DentistAppTests.swift */; };
		47E5DD642491EA6800C8197B /* DentistAppUITests.swift in Sources */ = {isa = PBXBuildFile; fileRef = 47E5DD632491EA6800C8197B /* DentistAppUITests.swift */; };
		499F85D824BFAD5500336375 /* IQTextView.swift in Sources */ = {isa = PBXBuildFile; fileRef = 499F85C424BFAD5500336375 /* IQTextView.swift */; };
		499F85D924BFAD5500336375 /* IQPreviousNextView.swift in Sources */ = {isa = PBXBuildFile; fileRef = 499F85C624BFAD5500336375 /* IQPreviousNextView.swift */; };
		499F85DA24BFAD5500336375 /* IQTitleBarButtonItem.swift in Sources */ = {isa = PBXBuildFile; fileRef = 499F85C724BFAD5500336375 /* IQTitleBarButtonItem.swift */; };
		499F85DB24BFAD5500336375 /* IQBarButtonItem.swift in Sources */ = {isa = PBXBuildFile; fileRef = 499F85C824BFAD5500336375 /* IQBarButtonItem.swift */; };
		499F85DC24BFAD5500336375 /* IQToolbar.swift in Sources */ = {isa = PBXBuildFile; fileRef = 499F85C924BFAD5500336375 /* IQToolbar.swift */; };
		499F85DD24BFAD5500336375 /* IQUIView+IQKeyboardToolbar.swift in Sources */ = {isa = PBXBuildFile; fileRef = 499F85CA24BFAD5500336375 /* IQUIView+IQKeyboardToolbar.swift */; };
		499F85DE24BFAD5500336375 /* IQInvocation.swift in Sources */ = {isa = PBXBuildFile; fileRef = 499F85CB24BFAD5500336375 /* IQInvocation.swift */; };
		499F85DF24BFAD5500336375 /* IQKeyboardManagerConstantsInternal.swift in Sources */ = {isa = PBXBuildFile; fileRef = 499F85CD24BFAD5500336375 /* IQKeyboardManagerConstantsInternal.swift */; };
		499F85E024BFAD5500336375 /* IQKeyboardManagerConstants.swift in Sources */ = {isa = PBXBuildFile; fileRef = 499F85CE24BFAD5500336375 /* IQKeyboardManagerConstants.swift */; };
		499F85E124BFAD5500336375 /* IQKeyboardReturnKeyHandler.swift in Sources */ = {isa = PBXBuildFile; fileRef = 499F85CF24BFAD5500336375 /* IQKeyboardReturnKeyHandler.swift */; };
		499F85E224BFAD5500336375 /* IQKeyboardManager.swift in Sources */ = {isa = PBXBuildFile; fileRef = 499F85D024BFAD5500336375 /* IQKeyboardManager.swift */; };
		499F85E324BFAD5500336375 /* IQUIScrollView+Additions.swift in Sources */ = {isa = PBXBuildFile; fileRef = 499F85D324BFAD5500336375 /* IQUIScrollView+Additions.swift */; };
		499F85E424BFAD5500336375 /* IQUIViewController+Additions.swift in Sources */ = {isa = PBXBuildFile; fileRef = 499F85D424BFAD5500336375 /* IQUIViewController+Additions.swift */; };
		499F85E524BFAD5500336375 /* IQUITextFieldView+Additions.swift in Sources */ = {isa = PBXBuildFile; fileRef = 499F85D524BFAD5500336375 /* IQUITextFieldView+Additions.swift */; };
		499F85E624BFAD5500336375 /* IQUIView+Hierarchy.swift in Sources */ = {isa = PBXBuildFile; fileRef = 499F85D624BFAD5500336375 /* IQUIView+Hierarchy.swift */; };
		499F85E724BFAD5500336375 /* IQNSArray+Sort.swift in Sources */ = {isa = PBXBuildFile; fileRef = 499F85D724BFAD5500336375 /* IQNSArray+Sort.swift */; };
		A12F3DFA24944B8C0087F194 /* MapKit.framework in Frameworks */ = {isa = PBXBuildFile; fileRef = A12F3DF924944B8C0087F194 /* MapKit.framework */; };
/* End PBXBuildFile section */

/* Begin PBXContainerItemProxy section */
		47E5DD552491EA6800C8197B /* PBXContainerItemProxy */ = {
			isa = PBXContainerItemProxy;
			containerPortal = 47E5DD362491EA6500C8197B /* Project object */;
			proxyType = 1;
			remoteGlobalIDString = 47E5DD3D2491EA6500C8197B;
			remoteInfo = DentistApp;
		};
		47E5DD602491EA6800C8197B /* PBXContainerItemProxy */ = {
			isa = PBXContainerItemProxy;
			containerPortal = 47E5DD362491EA6500C8197B /* Project object */;
			proxyType = 1;
			remoteGlobalIDString = 47E5DD3D2491EA6500C8197B;
			remoteInfo = DentistApp;
		};
/* End PBXContainerItemProxy section */

/* Begin PBXFileReference section */
		47E5DD3E2491EA6500C8197B /* DentistApp.app */ = {isa = PBXFileReference; explicitFileType = wrapper.application; includeInIndex = 0; path = DentistApp.app; sourceTree = BUILT_PRODUCTS_DIR; };
		47E5DD412491EA6500C8197B /* AppDelegate.swift */ = {isa = PBXFileReference; lastKnownFileType = sourcecode.swift; path = AppDelegate.swift; sourceTree = "<group>"; };
		47E5DD432491EA6500C8197B /* SceneDelegate.swift */ = {isa = PBXFileReference; lastKnownFileType = sourcecode.swift; path = SceneDelegate.swift; sourceTree = "<group>"; };
		47E5DD452491EA6500C8197B /* ViewController.swift */ = {isa = PBXFileReference; lastKnownFileType = sourcecode.swift; path = ViewController.swift; sourceTree = "<group>"; };
		47E5DD482491EA6500C8197B /* Base */ = {isa = PBXFileReference; lastKnownFileType = file.storyboard; name = Base; path = Base.lproj/Main.storyboard; sourceTree = "<group>"; };
		47E5DD4A2491EA6700C8197B /* Assets.xcassets */ = {isa = PBXFileReference; lastKnownFileType = folder.assetcatalog; path = Assets.xcassets; sourceTree = "<group>"; };
		47E5DD4F2491EA6700C8197B /* Info.plist */ = {isa = PBXFileReference; lastKnownFileType = text.plist.xml; path = Info.plist; sourceTree = "<group>"; };
		47E5DD542491EA6800C8197B /* DentistAppTests.xctest */ = {isa = PBXFileReference; explicitFileType = wrapper.cfbundle; includeInIndex = 0; path = DentistAppTests.xctest; sourceTree = BUILT_PRODUCTS_DIR; };
		47E5DD582491EA6800C8197B /* DentistAppTests.swift */ = {isa = PBXFileReference; lastKnownFileType = sourcecode.swift; path = DentistAppTests.swift; sourceTree = "<group>"; };
		47E5DD5A2491EA6800C8197B /* Info.plist */ = {isa = PBXFileReference; lastKnownFileType = text.plist.xml; path = Info.plist; sourceTree = "<group>"; };
		47E5DD5F2491EA6800C8197B /* DentistAppUITests.xctest */ = {isa = PBXFileReference; explicitFileType = wrapper.cfbundle; includeInIndex = 0; path = DentistAppUITests.xctest; sourceTree = BUILT_PRODUCTS_DIR; };
		47E5DD632491EA6800C8197B /* DentistAppUITests.swift */ = {isa = PBXFileReference; lastKnownFileType = sourcecode.swift; path = DentistAppUITests.swift; sourceTree = "<group>"; };
		47E5DD652491EA6800C8197B /* Info.plist */ = {isa = PBXFileReference; lastKnownFileType = text.plist.xml; path = Info.plist; sourceTree = "<group>"; };
		499F85C424BFAD5500336375 /* IQTextView.swift */ = {isa = PBXFileReference; fileEncoding = 4; lastKnownFileType = sourcecode.swift; path = IQTextView.swift; sourceTree = "<group>"; };
		499F85C624BFAD5500336375 /* IQPreviousNextView.swift */ = {isa = PBXFileReference; fileEncoding = 4; lastKnownFileType = sourcecode.swift; path = IQPreviousNextView.swift; sourceTree = "<group>"; };
		499F85C724BFAD5500336375 /* IQTitleBarButtonItem.swift */ = {isa = PBXFileReference; fileEncoding = 4; lastKnownFileType = sourcecode.swift; path = IQTitleBarButtonItem.swift; sourceTree = "<group>"; };
		499F85C824BFAD5500336375 /* IQBarButtonItem.swift */ = {isa = PBXFileReference; fileEncoding = 4; lastKnownFileType = sourcecode.swift; path = IQBarButtonItem.swift; sourceTree = "<group>"; };
		499F85C924BFAD5500336375 /* IQToolbar.swift */ = {isa = PBXFileReference; fileEncoding = 4; lastKnownFileType = sourcecode.swift; path = IQToolbar.swift; sourceTree = "<group>"; };
		499F85CA24BFAD5500336375 /* IQUIView+IQKeyboardToolbar.swift */ = {isa = PBXFileReference; fileEncoding = 4; lastKnownFileType = sourcecode.swift; path = "IQUIView+IQKeyboardToolbar.swift"; sourceTree = "<group>"; };
		499F85CB24BFAD5500336375 /* IQInvocation.swift */ = {isa = PBXFileReference; fileEncoding = 4; lastKnownFileType = sourcecode.swift; path = IQInvocation.swift; sourceTree = "<group>"; };
		499F85CD24BFAD5500336375 /* IQKeyboardManagerConstantsInternal.swift */ = {isa = PBXFileReference; fileEncoding = 4; lastKnownFileType = sourcecode.swift; path = IQKeyboardManagerConstantsInternal.swift; sourceTree = "<group>"; };
		499F85CE24BFAD5500336375 /* IQKeyboardManagerConstants.swift */ = {isa = PBXFileReference; fileEncoding = 4; lastKnownFileType = sourcecode.swift; path = IQKeyboardManagerConstants.swift; sourceTree = "<group>"; };
		499F85CF24BFAD5500336375 /* IQKeyboardReturnKeyHandler.swift */ = {isa = PBXFileReference; fileEncoding = 4; lastKnownFileType = sourcecode.swift; path = IQKeyboardReturnKeyHandler.swift; sourceTree = "<group>"; };
		499F85D024BFAD5500336375 /* IQKeyboardManager.swift */ = {isa = PBXFileReference; fileEncoding = 4; lastKnownFileType = sourcecode.swift; path = IQKeyboardManager.swift; sourceTree = "<group>"; };
		499F85D124BFAD5500336375 /* IQKeyboardManagerSwift.h */ = {isa = PBXFileReference; fileEncoding = 4; lastKnownFileType = sourcecode.c.h; path = IQKeyboardManagerSwift.h; sourceTree = "<group>"; };
		499F85D324BFAD5500336375 /* IQUIScrollView+Additions.swift */ = {isa = PBXFileReference; fileEncoding = 4; lastKnownFileType = sourcecode.swift; path = "IQUIScrollView+Additions.swift"; sourceTree = "<group>"; };
		499F85D424BFAD5500336375 /* IQUIViewController+Additions.swift */ = {isa = PBXFileReference; fileEncoding = 4; lastKnownFileType = sourcecode.swift; path = "IQUIViewController+Additions.swift"; sourceTree = "<group>"; };
		499F85D524BFAD5500336375 /* IQUITextFieldView+Additions.swift */ = {isa = PBXFileReference; fileEncoding = 4; lastKnownFileType = sourcecode.swift; path = "IQUITextFieldView+Additions.swift"; sourceTree = "<group>"; };
		499F85D624BFAD5500336375 /* IQUIView+Hierarchy.swift */ = {isa = PBXFileReference; fileEncoding = 4; lastKnownFileType = sourcecode.swift; path = "IQUIView+Hierarchy.swift"; sourceTree = "<group>"; };
		499F85D724BFAD5500336375 /* IQNSArray+Sort.swift */ = {isa = PBXFileReference; fileEncoding = 4; lastKnownFileType = sourcecode.swift; path = "IQNSArray+Sort.swift"; sourceTree = "<group>"; };
		A12F3DF924944B8C0087F194 /* MapKit.framework */ = {isa = PBXFileReference; lastKnownFileType = wrapper.framework; name = MapKit.framework; path = System/Library/Frameworks/MapKit.framework; sourceTree = SDKROOT; };
/* End PBXFileReference section */

/* Begin PBXFrameworksBuildPhase section */
		47E5DD3B2491EA6500C8197B /* Frameworks */ = {
			isa = PBXFrameworksBuildPhase;
			buildActionMask = 2147483647;
			files = (
				A12F3DFA24944B8C0087F194 /* MapKit.framework in Frameworks */,
			);
			runOnlyForDeploymentPostprocessing = 0;
		};
		47E5DD512491EA6800C8197B /* Frameworks */ = {
			isa = PBXFrameworksBuildPhase;
			buildActionMask = 2147483647;
			files = (
			);
			runOnlyForDeploymentPostprocessing = 0;
		};
		47E5DD5C2491EA6800C8197B /* Frameworks */ = {
			isa = PBXFrameworksBuildPhase;
			buildActionMask = 2147483647;
			files = (
			);
			runOnlyForDeploymentPostprocessing = 0;
		};
/* End PBXFrameworksBuildPhase section */

/* Begin PBXGroup section */
		47E5DD352491EA6500C8197B = {
			isa = PBXGroup;
			children = (
				47E5DD402491EA6500C8197B /* DentistApp */,
				47E5DD572491EA6800C8197B /* DentistAppTests */,
				47E5DD622491EA6800C8197B /* DentistAppUITests */,
				47E5DD3F2491EA6500C8197B /* Products */,
				A12F3DF824944B8B0087F194 /* Frameworks */,
			);
			sourceTree = "<group>";
		};
		47E5DD3F2491EA6500C8197B /* Products */ = {
			isa = PBXGroup;
			children = (
				47E5DD3E2491EA6500C8197B /* DentistApp.app */,
				47E5DD542491EA6800C8197B /* DentistAppTests.xctest */,
				47E5DD5F2491EA6800C8197B /* DentistAppUITests.xctest */,
			);
			name = Products;
			sourceTree = "<group>";
		};
		47E5DD402491EA6500C8197B /* DentistApp */ = {
			isa = PBXGroup;
			children = (
				499F85C224BFAD5500336375 /* IQKeyboardManagerSwift */,
				47E5DD412491EA6500C8197B /* AppDelegate.swift */,
				47E5DD432491EA6500C8197B /* SceneDelegate.swift */,
				47E5DD452491EA6500C8197B /* ViewController.swift */,
				47E5DD472491EA6500C8197B /* Main.storyboard */,
				47E5DD4A2491EA6700C8197B /* Assets.xcassets */,
				47E5DD4F2491EA6700C8197B /* Info.plist */,
			);
			path = DentistApp;
			sourceTree = "<group>";
		};
		47E5DD572491EA6800C8197B /* DentistAppTests */ = {
			isa = PBXGroup;
			children = (
				47E5DD582491EA6800C8197B /* DentistAppTests.swift */,
				47E5DD5A2491EA6800C8197B /* Info.plist */,
			);
			path = DentistAppTests;
			sourceTree = "<group>";
		};
		47E5DD622491EA6800C8197B /* DentistAppUITests */ = {
			isa = PBXGroup;
			children = (
				47E5DD632491EA6800C8197B /* DentistAppUITests.swift */,
				47E5DD652491EA6800C8197B /* Info.plist */,
			);
			path = DentistAppUITests;
			sourceTree = "<group>";
		};
		499F85C224BFAD5500336375 /* IQKeyboardManagerSwift */ = {
			isa = PBXGroup;
			children = (
				499F85C324BFAD5500336375 /* IQTextView */,
				499F85C524BFAD5500336375 /* IQToolbar */,
				499F85CC24BFAD5500336375 /* Constants */,
				499F85CF24BFAD5500336375 /* IQKeyboardReturnKeyHandler.swift */,
				499F85D024BFAD5500336375 /* IQKeyboardManager.swift */,
				499F85D124BFAD5500336375 /* IQKeyboardManagerSwift.h */,
				499F85D224BFAD5500336375 /* Categories */,
			);
			path = IQKeyboardManagerSwift;
			sourceTree = "<group>";
		};
		499F85C324BFAD5500336375 /* IQTextView */ = {
			isa = PBXGroup;
			children = (
				499F85C424BFAD5500336375 /* IQTextView.swift */,
			);
			path = IQTextView;
			sourceTree = "<group>";
		};
		499F85C524BFAD5500336375 /* IQToolbar */ = {
			isa = PBXGroup;
			children = (
				499F85C624BFAD5500336375 /* IQPreviousNextView.swift */,
				499F85C724BFAD5500336375 /* IQTitleBarButtonItem.swift */,
				499F85C824BFAD5500336375 /* IQBarButtonItem.swift */,
				499F85C924BFAD5500336375 /* IQToolbar.swift */,
				499F85CA24BFAD5500336375 /* IQUIView+IQKeyboardToolbar.swift */,
				499F85CB24BFAD5500336375 /* IQInvocation.swift */,
			);
			path = IQToolbar;
			sourceTree = "<group>";
		};
		499F85CC24BFAD5500336375 /* Constants */ = {
			isa = PBXGroup;
			children = (
				499F85CD24BFAD5500336375 /* IQKeyboardManagerConstantsInternal.swift */,
				499F85CE24BFAD5500336375 /* IQKeyboardManagerConstants.swift */,
			);
			path = Constants;
			sourceTree = "<group>";
		};
		499F85D224BFAD5500336375 /* Categories */ = {
			isa = PBXGroup;
			children = (
				499F85D324BFAD5500336375 /* IQUIScrollView+Additions.swift */,
				499F85D424BFAD5500336375 /* IQUIViewController+Additions.swift */,
				499F85D524BFAD5500336375 /* IQUITextFieldView+Additions.swift */,
				499F85D624BFAD5500336375 /* IQUIView+Hierarchy.swift */,
				499F85D724BFAD5500336375 /* IQNSArray+Sort.swift */,
			);
			path = Categories;
			sourceTree = "<group>";
		};
		A12F3DF824944B8B0087F194 /* Frameworks */ = {
			isa = PBXGroup;
			children = (
				A12F3DF924944B8C0087F194 /* MapKit.framework */,
			);
			name = Frameworks;
			sourceTree = "<group>";
		};
/* End PBXGroup section */

/* Begin PBXNativeTarget section */
		47E5DD3D2491EA6500C8197B /* DentistApp */ = {
			isa = PBXNativeTarget;
			buildConfigurationList = 47E5DD682491EA6800C8197B /* Build configuration list for PBXNativeTarget "DentistApp" */;
			buildPhases = (
				47E5DD3A2491EA6500C8197B /* Sources */,
				47E5DD3B2491EA6500C8197B /* Frameworks */,
				47E5DD3C2491EA6500C8197B /* Resources */,
			);
			buildRules = (
			);
			dependencies = (
			);
			name = DentistApp;
			productName = DentistApp;
			productReference = 47E5DD3E2491EA6500C8197B /* DentistApp.app */;
			productType = "com.apple.product-type.application";
		};
		47E5DD532491EA6800C8197B /* DentistAppTests */ = {
			isa = PBXNativeTarget;
			buildConfigurationList = 47E5DD6B2491EA6800C8197B /* Build configuration list for PBXNativeTarget "DentistAppTests" */;
			buildPhases = (
				47E5DD502491EA6800C8197B /* Sources */,
				47E5DD512491EA6800C8197B /* Frameworks */,
				47E5DD522491EA6800C8197B /* Resources */,
			);
			buildRules = (
			);
			dependencies = (
				47E5DD562491EA6800C8197B /* PBXTargetDependency */,
			);
			name = DentistAppTests;
			productName = DentistAppTests;
			productReference = 47E5DD542491EA6800C8197B /* DentistAppTests.xctest */;
			productType = "com.apple.product-type.bundle.unit-test";
		};
		47E5DD5E2491EA6800C8197B /* DentistAppUITests */ = {
			isa = PBXNativeTarget;
			buildConfigurationList = 47E5DD6E2491EA6800C8197B /* Build configuration list for PBXNativeTarget "DentistAppUITests" */;
			buildPhases = (
				47E5DD5B2491EA6800C8197B /* Sources */,
				47E5DD5C2491EA6800C8197B /* Frameworks */,
				47E5DD5D2491EA6800C8197B /* Resources */,
			);
			buildRules = (
			);
			dependencies = (
				47E5DD612491EA6800C8197B /* PBXTargetDependency */,
			);
			name = DentistAppUITests;
			productName = DentistAppUITests;
			productReference = 47E5DD5F2491EA6800C8197B /* DentistAppUITests.xctest */;
			productType = "com.apple.product-type.bundle.ui-testing";
		};
/* End PBXNativeTarget section */

/* Begin PBXProject section */
		47E5DD362491EA6500C8197B /* Project object */ = {
			isa = PBXProject;
			attributes = {
				LastSwiftUpdateCheck = 1140;
				LastUpgradeCheck = 1140;
				ORGANIZATIONNAME = "Chaitanya Uttarwar";
				TargetAttributes = {
					47E5DD3D2491EA6500C8197B = {
						CreatedOnToolsVersion = 11.4.1;
					};
					47E5DD532491EA6800C8197B = {
						CreatedOnToolsVersion = 11.4.1;
						TestTargetID = 47E5DD3D2491EA6500C8197B;
					};
					47E5DD5E2491EA6800C8197B = {
						CreatedOnToolsVersion = 11.4.1;
						TestTargetID = 47E5DD3D2491EA6500C8197B;
					};
				};
			};
			buildConfigurationList = 47E5DD392491EA6500C8197B /* Build configuration list for PBXProject "DentistApp" */;
			compatibilityVersion = "Xcode 9.3";
			developmentRegion = en;
			hasScannedForEncodings = 0;
			knownRegions = (
				en,
				Base,
			);
			mainGroup = 47E5DD352491EA6500C8197B;
			productRefGroup = 47E5DD3F2491EA6500C8197B /* Products */;
			projectDirPath = "";
			projectRoot = "";
			targets = (
				47E5DD3D2491EA6500C8197B /* DentistApp */,
				47E5DD532491EA6800C8197B /* DentistAppTests */,
				47E5DD5E2491EA6800C8197B /* DentistAppUITests */,
			);
		};
/* End PBXProject section */

/* Begin PBXResourcesBuildPhase section */
		47E5DD3C2491EA6500C8197B /* Resources */ = {
			isa = PBXResourcesBuildPhase;
			buildActionMask = 2147483647;
			files = (
				47E5DD4B2491EA6700C8197B /* Assets.xcassets in Resources */,
				47E5DD492491EA6500C8197B /* Main.storyboard in Resources */,
			);
			runOnlyForDeploymentPostprocessing = 0;
		};
		47E5DD522491EA6800C8197B /* Resources */ = {
			isa = PBXResourcesBuildPhase;
			buildActionMask = 2147483647;
			files = (
			);
			runOnlyForDeploymentPostprocessing = 0;
		};
		47E5DD5D2491EA6800C8197B /* Resources */ = {
			isa = PBXResourcesBuildPhase;
			buildActionMask = 2147483647;
			files = (
			);
			runOnlyForDeploymentPostprocessing = 0;
		};
/* End PBXResourcesBuildPhase section */

/* Begin PBXSourcesBuildPhase section */
		47E5DD3A2491EA6500C8197B /* Sources */ = {
			isa = PBXSourcesBuildPhase;
			buildActionMask = 2147483647;
			files = (
				499F85E724BFAD5500336375 /* IQNSArray+Sort.swift in Sources */,
				499F85E124BFAD5500336375 /* IQKeyboardReturnKeyHandler.swift in Sources */,
				499F85DD24BFAD5500336375 /* IQUIView+IQKeyboardToolbar.swift in Sources */,
				47E5DD462491EA6500C8197B /* ViewController.swift in Sources */,
				499F85D924BFAD5500336375 /* IQPreviousNextView.swift in Sources */,
				499F85E624BFAD5500336375 /* IQUIView+Hierarchy.swift in Sources */,
				499F85DF24BFAD5500336375 /* IQKeyboardManagerConstantsInternal.swift in Sources */,
				499F85E024BFAD5500336375 /* IQKeyboardManagerConstants.swift in Sources */,
				499F85E524BFAD5500336375 /* IQUITextFieldView+Additions.swift in Sources */,
				499F85E424BFAD5500336375 /* IQUIViewController+Additions.swift in Sources */,
				499F85E224BFAD5500336375 /* IQKeyboardManager.swift in Sources */,
				499F85DB24BFAD5500336375 /* IQBarButtonItem.swift in Sources */,
				499F85E324BFAD5500336375 /* IQUIScrollView+Additions.swift in Sources */,
				499F85D824BFAD5500336375 /* IQTextView.swift in Sources */,
				499F85DA24BFAD5500336375 /* IQTitleBarButtonItem.swift in Sources */,
				47E5DD422491EA6500C8197B /* AppDelegate.swift in Sources */,
				47E5DD442491EA6500C8197B /* SceneDelegate.swift in Sources */,
				499F85DC24BFAD5500336375 /* IQToolbar.swift in Sources */,
				499F85DE24BFAD5500336375 /* IQInvocation.swift in Sources */,
			);
			runOnlyForDeploymentPostprocessing = 0;
		};
		47E5DD502491EA6800C8197B /* Sources */ = {
			isa = PBXSourcesBuildPhase;
			buildActionMask = 2147483647;
			files = (
				47E5DD592491EA6800C8197B /* DentistAppTests.swift in Sources */,
			);
			runOnlyForDeploymentPostprocessing = 0;
		};
		47E5DD5B2491EA6800C8197B /* Sources */ = {
			isa = PBXSourcesBuildPhase;
			buildActionMask = 2147483647;
			files = (
				47E5DD642491EA6800C8197B /* DentistAppUITests.swift in Sources */,
			);
			runOnlyForDeploymentPostprocessing = 0;
		};
/* End PBXSourcesBuildPhase section */

/* Begin PBXTargetDependency section */
		47E5DD562491EA6800C8197B /* PBXTargetDependency */ = {
			isa = PBXTargetDependency;
			target = 47E5DD3D2491EA6500C8197B /* DentistApp */;
			targetProxy = 47E5DD552491EA6800C8197B /* PBXContainerItemProxy */;
		};
		47E5DD612491EA6800C8197B /* PBXTargetDependency */ = {
			isa = PBXTargetDependency;
			target = 47E5DD3D2491EA6500C8197B /* DentistApp */;
			targetProxy = 47E5DD602491EA6800C8197B /* PBXContainerItemProxy */;
		};
/* End PBXTargetDependency section */

/* Begin PBXVariantGroup section */
		47E5DD472491EA6500C8197B /* Main.storyboard */ = {
			isa = PBXVariantGroup;
			children = (
				47E5DD482491EA6500C8197B /* Base */,
			);
			name = Main.storyboard;
			sourceTree = "<group>";
		};
/* End PBXVariantGroup section */

/* Begin XCBuildConfiguration section */
		47E5DD662491EA6800C8197B /* Debug */ = {
			isa = XCBuildConfiguration;
			buildSettings = {
				ALWAYS_SEARCH_USER_PATHS = NO;
				CLANG_ANALYZER_NONNULL = YES;
				CLANG_ANALYZER_NUMBER_OBJECT_CONVERSION = YES_AGGRESSIVE;
				CLANG_CXX_LANGUAGE_STANDARD = "gnu++14";
				CLANG_CXX_LIBRARY = "libc++";
				CLANG_ENABLE_MODULES = YES;
				CLANG_ENABLE_OBJC_ARC = YES;
				CLANG_ENABLE_OBJC_WEAK = YES;
				CLANG_WARN_BLOCK_CAPTURE_AUTORELEASING = YES;
				CLANG_WARN_BOOL_CONVERSION = YES;
				CLANG_WARN_COMMA = YES;
				CLANG_WARN_CONSTANT_CONVERSION = YES;
				CLANG_WARN_DEPRECATED_OBJC_IMPLEMENTATIONS = YES;
				CLANG_WARN_DIRECT_OBJC_ISA_USAGE = YES_ERROR;
				CLANG_WARN_DOCUMENTATION_COMMENTS = YES;
				CLANG_WARN_EMPTY_BODY = YES;
				CLANG_WARN_ENUM_CONVERSION = YES;
				CLANG_WARN_INFINITE_RECURSION = YES;
				CLANG_WARN_INT_CONVERSION = YES;
				CLANG_WARN_NON_LITERAL_NULL_CONVERSION = YES;
				CLANG_WARN_OBJC_IMPLICIT_RETAIN_SELF = YES;
				CLANG_WARN_OBJC_LITERAL_CONVERSION = YES;
				CLANG_WARN_OBJC_ROOT_CLASS = YES_ERROR;
				CLANG_WARN_RANGE_LOOP_ANALYSIS = YES;
				CLANG_WARN_STRICT_PROTOTYPES = YES;
				CLANG_WARN_SUSPICIOUS_MOVE = YES;
				CLANG_WARN_UNGUARDED_AVAILABILITY = YES_AGGRESSIVE;
				CLANG_WARN_UNREACHABLE_CODE = YES;
				CLANG_WARN__DUPLICATE_METHOD_MATCH = YES;
				COPY_PHASE_STRIP = NO;
				DEBUG_INFORMATION_FORMAT = dwarf;
				ENABLE_STRICT_OBJC_MSGSEND = YES;
				ENABLE_TESTABILITY = YES;
				GCC_C_LANGUAGE_STANDARD = gnu11;
				GCC_DYNAMIC_NO_PIC = NO;
				GCC_NO_COMMON_BLOCKS = YES;
				GCC_OPTIMIZATION_LEVEL = 0;
				GCC_PREPROCESSOR_DEFINITIONS = (
					"DEBUG=1",
					"$(inherited)",
				);
				GCC_WARN_64_TO_32_BIT_CONVERSION = YES;
				GCC_WARN_ABOUT_RETURN_TYPE = YES_ERROR;
				GCC_WARN_UNDECLARED_SELECTOR = YES;
				GCC_WARN_UNINITIALIZED_AUTOS = YES_AGGRESSIVE;
				GCC_WARN_UNUSED_FUNCTION = YES;
				GCC_WARN_UNUSED_VARIABLE = YES;
				IPHONEOS_DEPLOYMENT_TARGET = 13.4;
				MTL_ENABLE_DEBUG_INFO = INCLUDE_SOURCE;
				MTL_FAST_MATH = YES;
				ONLY_ACTIVE_ARCH = YES;
				SDKROOT = iphoneos;
				SWIFT_ACTIVE_COMPILATION_CONDITIONS = DEBUG;
				SWIFT_OPTIMIZATION_LEVEL = "-Onone";
			};
			name = Debug;
		};
		47E5DD672491EA6800C8197B /* Release */ = {
			isa = XCBuildConfiguration;
			buildSettings = {
				ALWAYS_SEARCH_USER_PATHS = NO;
				CLANG_ANALYZER_NONNULL = YES;
				CLANG_ANALYZER_NUMBER_OBJECT_CONVERSION = YES_AGGRESSIVE;
				CLANG_CXX_LANGUAGE_STANDARD = "gnu++14";
				CLANG_CXX_LIBRARY = "libc++";
				CLANG_ENABLE_MODULES = YES;
				CLANG_ENABLE_OBJC_ARC = YES;
				CLANG_ENABLE_OBJC_WEAK = YES;
				CLANG_WARN_BLOCK_CAPTURE_AUTORELEASING = YES;
				CLANG_WARN_BOOL_CONVERSION = YES;
				CLANG_WARN_COMMA = YES;
				CLANG_WARN_CONSTANT_CONVERSION = YES;
				CLANG_WARN_DEPRECATED_OBJC_IMPLEMENTATIONS = YES;
				CLANG_WARN_DIRECT_OBJC_ISA_USAGE = YES_ERROR;
				CLANG_WARN_DOCUMENTATION_COMMENTS = YES;
				CLANG_WARN_EMPTY_BODY = YES;
				CLANG_WARN_ENUM_CONVERSION = YES;
				CLANG_WARN_INFINITE_RECURSION = YES;
				CLANG_WARN_INT_CONVERSION = YES;
				CLANG_WARN_NON_LITERAL_NULL_CONVERSION = YES;
				CLANG_WARN_OBJC_IMPLICIT_RETAIN_SELF = YES;
				CLANG_WARN_OBJC_LITERAL_CONVERSION = YES;
				CLANG_WARN_OBJC_ROOT_CLASS = YES_ERROR;
				CLANG_WARN_RANGE_LOOP_ANALYSIS = YES;
				CLANG_WARN_STRICT_PROTOTYPES = YES;
				CLANG_WARN_SUSPICIOUS_MOVE = YES;
				CLANG_WARN_UNGUARDED_AVAILABILITY = YES_AGGRESSIVE;
				CLANG_WARN_UNREACHABLE_CODE = YES;
				CLANG_WARN__DUPLICATE_METHOD_MATCH = YES;
				COPY_PHASE_STRIP = NO;
				DEBUG_INFORMATION_FORMAT = "dwarf-with-dsym";
				ENABLE_NS_ASSERTIONS = NO;
				ENABLE_STRICT_OBJC_MSGSEND = YES;
				GCC_C_LANGUAGE_STANDARD = gnu11;
				GCC_NO_COMMON_BLOCKS = YES;
				GCC_WARN_64_TO_32_BIT_CONVERSION = YES;
				GCC_WARN_ABOUT_RETURN_TYPE = YES_ERROR;
				GCC_WARN_UNDECLARED_SELECTOR = YES;
				GCC_WARN_UNINITIALIZED_AUTOS = YES_AGGRESSIVE;
				GCC_WARN_UNUSED_FUNCTION = YES;
				GCC_WARN_UNUSED_VARIABLE = YES;
				IPHONEOS_DEPLOYMENT_TARGET = 13.4;
				MTL_ENABLE_DEBUG_INFO = NO;
				MTL_FAST_MATH = YES;
				SDKROOT = iphoneos;
				SWIFT_COMPILATION_MODE = wholemodule;
				SWIFT_OPTIMIZATION_LEVEL = "-O";
				VALIDATE_PRODUCT = YES;
			};
			name = Release;
		};
		47E5DD692491EA6800C8197B /* Debug */ = {
			isa = XCBuildConfiguration;
			buildSettings = {
				ASSETCATALOG_COMPILER_APPICON_NAME = AppIcon;
				CODE_SIGN_STYLE = Automatic;
				INFOPLIST_FILE = DentistApp/Info.plist;
				LD_RUNPATH_SEARCH_PATHS = (
					"$(inherited)",
					"@executable_path/Frameworks",
				);
				PRODUCT_BUNDLE_IDENTIFIER = Conestoga.DentistApp;
				PRODUCT_NAME = "$(TARGET_NAME)";
				SWIFT_VERSION = 5.0;
				TARGETED_DEVICE_FAMILY = "1,2";
			};
			name = Debug;
		};
		47E5DD6A2491EA6800C8197B /* Release */ = {
			isa = XCBuildConfiguration;
			buildSettings = {
				ASSETCATALOG_COMPILER_APPICON_NAME = AppIcon;
				CODE_SIGN_STYLE = Automatic;
				INFOPLIST_FILE = DentistApp/Info.plist;
				LD_RUNPATH_SEARCH_PATHS = (
					"$(inherited)",
					"@executable_path/Frameworks",
				);
				PRODUCT_BUNDLE_IDENTIFIER = Conestoga.DentistApp;
				PRODUCT_NAME = "$(TARGET_NAME)";
				SWIFT_VERSION = 5.0;
				TARGETED_DEVICE_FAMILY = "1,2";
			};
			name = Release;
		};
		47E5DD6C2491EA6800C8197B /* Debug */ = {
			isa = XCBuildConfiguration;
			buildSettings = {
				ALWAYS_EMBED_SWIFT_STANDARD_LIBRARIES = YES;
				BUNDLE_LOADER = "$(TEST_HOST)";
				CODE_SIGN_STYLE = Automatic;
				INFOPLIST_FILE = DentistAppTests/Info.plist;
				IPHONEOS_DEPLOYMENT_TARGET = 13.4;
				LD_RUNPATH_SEARCH_PATHS = (
					"$(inherited)",
					"@executable_path/Frameworks",
					"@loader_path/Frameworks",
				);
				PRODUCT_BUNDLE_IDENTIFIER = Conestoga.DentistAppTests;
				PRODUCT_NAME = "$(TARGET_NAME)";
				SWIFT_VERSION = 5.0;
				TARGETED_DEVICE_FAMILY = "1,2";
				TEST_HOST = "$(BUILT_PRODUCTS_DIR)/DentistApp.app/DentistApp";
			};
			name = Debug;
		};
		47E5DD6D2491EA6800C8197B /* Release */ = {
			isa = XCBuildConfiguration;
			buildSettings = {
				ALWAYS_EMBED_SWIFT_STANDARD_LIBRARIES = YES;
				BUNDLE_LOADER = "$(TEST_HOST)";
				CODE_SIGN_STYLE = Automatic;
				INFOPLIST_FILE = DentistAppTests/Info.plist;
				IPHONEOS_DEPLOYMENT_TARGET = 13.4;
				LD_RUNPATH_SEARCH_PATHS = (
					"$(inherited)",
					"@executable_path/Frameworks",
					"@loader_path/Frameworks",
				);
				PRODUCT_BUNDLE_IDENTIFIER = Conestoga.DentistAppTests;
				PRODUCT_NAME = "$(TARGET_NAME)";
				SWIFT_VERSION = 5.0;
				TARGETED_DEVICE_FAMILY = "1,2";
				TEST_HOST = "$(BUILT_PRODUCTS_DIR)/DentistApp.app/DentistApp";
			};
			name = Release;
		};
		47E5DD6F2491EA6800C8197B /* Debug */ = {
			isa = XCBuildConfiguration;
			buildSettings = {
				ALWAYS_EMBED_SWIFT_STANDARD_LIBRARIES = YES;
				CODE_SIGN_STYLE = Automatic;
				INFOPLIST_FILE = DentistAppUITests/Info.plist;
				LD_RUNPATH_SEARCH_PATHS = (
					"$(inherited)",
					"@executable_path/Frameworks",
					"@loader_path/Frameworks",
				);
				PRODUCT_BUNDLE_IDENTIFIER = Conestoga.DentistAppUITests;
				PRODUCT_NAME = "$(TARGET_NAME)";
				SWIFT_VERSION = 5.0;
				TARGETED_DEVICE_FAMILY = "1,2";
				TEST_TARGET_NAME = DentistApp;
			};
			name = Debug;
		};
		47E5DD702491EA6800C8197B /* Release */ = {
			isa = XCBuildConfiguration;
			buildSettings = {
				ALWAYS_EMBED_SWIFT_STANDARD_LIBRARIES = YES;
				CODE_SIGN_STYLE = Automatic;
				INFOPLIST_FILE = DentistAppUITests/Info.plist;
				LD_RUNPATH_SEARCH_PATHS = (
					"$(inherited)",
					"@executable_path/Frameworks",
					"@loader_path/Frameworks",
				);
				PRODUCT_BUNDLE_IDENTIFIER = Conestoga.DentistAppUITests;
				PRODUCT_NAME = "$(TARGET_NAME)";
				SWIFT_VERSION = 5.0;
				TARGETED_DEVICE_FAMILY = "1,2";
				TEST_TARGET_NAME = DentistApp;
			};
			name = Release;
		};
/* End XCBuildConfiguration section */

/* Begin XCConfigurationList section */
		47E5DD392491EA6500C8197B /* Build configuration list for PBXProject "DentistApp" */ = {
			isa = XCConfigurationList;
			buildConfigurations = (
				47E5DD662491EA6800C8197B /* Debug */,
				47E5DD672491EA6800C8197B /* Release */,
			);
			defaultConfigurationIsVisible = 0;
			defaultConfigurationName = Release;
		};
		47E5DD682491EA6800C8197B /* Build configuration list for PBXNativeTarget "DentistApp" */ = {
			isa = XCConfigurationList;
			buildConfigurations = (
				47E5DD692491EA6800C8197B /* Debug */,
				47E5DD6A2491EA6800C8197B /* Release */,
			);
			defaultConfigurationIsVisible = 0;
			defaultConfigurationName = Release;
		};
		47E5DD6B2491EA6800C8197B /* Build configuration list for PBXNativeTarget "DentistAppTests" */ = {
			isa = XCConfigurationList;
			buildConfigurations = (
				47E5DD6C2491EA6800C8197B /* Debug */,
				47E5DD6D2491EA6800C8197B /* Release */,
			);
			defaultConfigurationIsVisible = 0;
			defaultConfigurationName = Release;
		};
		47E5DD6E2491EA6800C8197B /* Build configuration list for PBXNativeTarget "DentistAppUITests" */ = {
			isa = XCConfigurationList;
			buildConfigurations = (
				47E5DD6F2491EA6800C8197B /* Debug */,
				47E5DD702491EA6800C8197B /* Release */,
			);
			defaultConfigurationIsVisible = 0;
			defaultConfigurationName = Release;
		};
/* End XCConfigurationList section */
	};
	rootObject = 47E5DD362491EA6500C8197B /* Project object */;
}
